// !$*UTF8*$!
{
	archiveVersion = 1;
	classes = {
	};
	objectVersion = 46;
	objects = {

/* Begin PBXBuildFile section */
		40AB3DE21C070CEB00F555AD /* AppDelegate.swift in Sources */ = {isa = PBXBuildFile; fileRef = 40AB3DE11C070CEB00F555AD /* AppDelegate.swift */; };
		40AB3DE41C070CEB00F555AD /* ViewController.swift in Sources */ = {isa = PBXBuildFile; fileRef = 40AB3DE31C070CEB00F555AD /* ViewController.swift */; };
		40AB3DE71C070CEB00F555AD /* Main.storyboard in Resources */ = {isa = PBXBuildFile; fileRef = 40AB3DE51C070CEB00F555AD /* Main.storyboard */; };
		40AB3DE91C070CEB00F555AD /* Assets.xcassets in Resources */ = {isa = PBXBuildFile; fileRef = 40AB3DE81C070CEB00F555AD /* Assets.xcassets */; };
		40AB3DEC1C070CEB00F555AD /* LaunchScreen.storyboard in Resources */ = {isa = PBXBuildFile; fileRef = 40AB3DEA1C070CEB00F555AD /* LaunchScreen.storyboard */; };
/* End PBXBuildFile section */

/* Begin PBXFileReference section */
		40AB3DDE1C070CEB00F555AD /* Stack Views.app */ = {isa = PBXFileReference; explicitFileType = wrapper.application; includeInIndex = 0; path = "Stack Views.app"; sourceTree = BUILT_PRODUCTS_DIR; };
		40AB3DE11C070CEB00F555AD /* AppDelegate.swift */ = {isa = PBXFileReference; lastKnownFileType = sourcecode.swift; path = AppDelegate.swift; sourceTree = "<group>"; };
		40AB3DE31C070CEB00F555AD /* ViewController.swift */ = {isa = PBXFileReference; lastKnownFileType = sourcecode.swift; path = ViewController.swift; sourceTree = "<group>"; };
		40AB3DE61C070CEB00F555AD /* Base */ = {isa = PBXFileReference; lastKnownFileType = file.storyboard; name = Base; path = Base.lproj/Main.storyboard; sourceTree = "<group>"; };
		40AB3DE81C070CEB00F555AD /* Assets.xcassets */ = {isa = PBXFileReference; lastKnownFileType = folder.assetcatalog; path = Assets.xcassets; sourceTree = "<group>"; };
		40AB3DEB1C070CEB00F555AD /* Base */ = {isa = PBXFileReference; lastKnownFileType = file.storyboard; name = Base; path = Base.lproj/LaunchScreen.storyboard; sourceTree = "<group>"; };
		40AB3DED1C070CEB00F555AD /* Info.plist */ = {isa = PBXFileReference; lastKnownFileType = text.plist.xml; path = Info.plist; sourceTree = "<group>"; };
/* End PBXFileReference section */

/* Begin PBXFrameworksBuildPhase section */
		40AB3DDB1C070CEB00F555AD /* Frameworks */ = {
			isa = PBXFrameworksBuildPhase;
			buildActionMask = 2147483647;
			files = (
			);
			runOnlyForDeploymentPostprocessing = 0;
		};
/* End PBXFrameworksBuildPhase section */

/* Begin PBXGroup section */
		40AB3DD51C070CEB00F555AD = {
			isa = PBXGroup;
			children = (
				40AB3DE01C070CEB00F555AD /* Stack Views */,
				40AB3DDF1C070CEB00F555AD /* Products */,
			);
			sourceTree = "<group>";
		};
		40AB3DDF1C070CEB00F555AD /* Products */ = {
			isa = PBXGroup;
			children = (
				40AB3DDE1C070CEB00F555AD /* Stack Views.app */,
			);
			name = Products;
			sourceTree = "<group>";
		};
		40AB3DE01C070CEB00F555AD /* Stack Views */ = {
			isa = PBXGroup;
			children = (
				40AB3DE11C070CEB00F555AD /* AppDelegate.swift */,
				40AB3DE31C070CEB00F555AD /* ViewController.swift */,
				40AB3DE51C070CEB00F555AD /* Main.storyboard */,
				40AB3DE81C070CEB00F555AD /* Assets.xcassets */,
				40AB3DEA1C070CEB00F555AD /* LaunchScreen.storyboard */,
				40AB3DED1C070CEB00F555AD /* Info.plist */,
			);
			path = "Stack Views";
			sourceTree = "<group>";
		};
/* End PBXGroup section */

/* Begin PBXNativeTarget section */
		40AB3DDD1C070CEB00F555AD /* Stack Views */ = {
			isa = PBXNativeTarget;
			buildConfigurationList = 40AB3DF01C070CEB00F555AD /* Build configuration list for PBXNativeTarget "Stack Views" */;
			buildPhases = (
				40AB3DDA1C070CEB00F555AD /* Sources */,
				40AB3DDB1C070CEB00F555AD /* Frameworks */,
				40AB3DDC1C070CEB00F555AD /* Resources */,
			);
			buildRules = (
			);
			dependencies = (
			);
			name = "Stack Views";
			productName = "Stack Views";
			productReference = 40AB3DDE1C070CEB00F555AD /* Stack Views.app */;
			productType = "com.apple.product-type.application";
		};
/* End PBXNativeTarget section */

/* Begin PBXProject section */
		40AB3DD61C070CEB00F555AD /* Project object */ = {
			isa = PBXProject;
			attributes = {
				LastSwiftUpdateCheck = 0710;
				LastUpgradeCheck = 0710;
				ORGANIZATIONNAME = "Shivam Kapur";
				TargetAttributes = {
					40AB3DDD1C070CEB00F555AD = {
						CreatedOnToolsVersion = 7.1;
						DevelopmentTeam = 9957R92QLG;
					};
				};
			};
			buildConfigurationList = 40AB3DD91C070CEB00F555AD /* Build configuration list for PBXProject "Stack Views" */;
			compatibilityVersion = "Xcode 3.2";
			developmentRegion = English;
			hasScannedForEncodings = 0;
			knownRegions = (
				en,
				Base,
			);
			mainGroup = 40AB3DD51C070CEB00F555AD;
			productRefGroup = 40AB3DDF1C070CEB00F555AD /* Products */;
			projectDirPath = "";
			projectRoot = "";
			targets = (
				40AB3DDD1C070CEB00F555AD /* Stack Views */,
			);
		};
/* End PBXProject section */

/* Begin PBXResourcesBuildPhase section */
		40AB3DDC1C070CEB00F555AD /* Resources */ = {
			isa = PBXResourcesBuildPhase;
			buildActionMask = 2147483647;
			files = (
				40AB3DEC1C070CEB00F555AD /* LaunchScreen.storyboard in Resources */,
				40AB3DE91C070CEB00F555AD /* Assets.xcassets in Resources */,
				40AB3DE71C070CEB00F555AD /* Main.storyboard in Resources */,
			);
			runOnlyForDeploymentPostprocessing = 0;
		};
/* End PBXResourcesBuildPhase section */

/* Begin PBXSourcesBuildPhase section */
		40AB3DDA1C070CEB00F555AD /* Sources */ = {
			isa = PBXSourcesBuildPhase;
			buildActionMask = 2147483647;
			files = (
				40AB3DE41C070CEB00F555AD /* ViewController.swift in Sources */,
				40AB3DE21C070CEB00F555AD /* AppDelegate.swift in Sources */,
			);
			runOnlyForDeploymentPostprocessing = 0;
		};
/* End PBXSourcesBuildPhase section */

/* Begin PBXVariantGroup section */
		40AB3DE51C070CEB00F555AD /* Main.storyboard */ = {
			isa = PBXVariantGroup;
			children = (
				40AB3DE61C070CEB00F555AD /* Base */,
			);
			name = Main.storyboard;
			sourceTree = "<group>";
		};
		40AB3DEA1C070CEB00F555AD /* LaunchScreen.storyboard */ = {
			isa = PBXVariantGroup;
			children = (
				40AB3DEB1C070CEB00F555AD /* Base */,
			);
			name = LaunchScreen.storyboard;
			sourceTree = "<group>";
		};
/* End PBXVariantGroup section */

/* Begin XCBuildConfiguration section */
		40AB3DEE1C070CEB00F555AD /* Debug */ = {
			isa = XCBuildConfiguration;
			buildSettings = {
				ALWAYS_SEARCH_USER_PATHS = NO;
				CLANG_CXX_LANGUAGE_STANDARD = "gnu++0x";
				CLANG_CXX_LIBRARY = "libc++";
				CLANG_ENABLE_MODULES = YES;
				CLANG_ENABLE_OBJC_ARC = YES;
				CLANG_WARN_BOOL_CONVERSION = YES;
				CLANG_WARN_CONSTANT_CONVERSION = YES;
				CLANG_WARN_DIRECT_OBJC_ISA_USAGE = YES_ERROR;
				CLANG_WARN_EMPTY_BODY = YES;
				CLANG_WARN_ENUM_CONVERSION = YES;
				CLANG_WARN_INT_CONVERSION = YES;
				CLANG_WARN_OBJC_ROOT_CLASS = YES_ERROR;
				CLANG_WARN_UNREACHABLE_CODE = YES;
				CLANG_WARN__DUPLICATE_METHOD_MATCH = YES;
				"CODE_SIGN_IDENTITY[sdk=iphoneos*]" = "iPhone Developer";
				COPY_PHASE_STRIP = NO;
				DEBUG_INFORMATION_FORMAT = dwarf;
				ENABLE_STRICT_OBJC_MSGSEND = YES;
				ENABLE_TESTABILITY = YES;
				GCC_C_LANGUAGE_STANDARD = gnu99;
				GCC_DYNAMIC_NO_PIC = NO;
				GCC_NO_COMMON_BLOCKS = YES;
				GCC_OPTIMIZATION_LEVEL = 0;
				GCC_PREPROCESSOR_DEFINITIONS = (
					"DEBUG=1",
					"$(inherited)",
				);
				GCC_WARN_64_TO_32_BIT_CONVERSION = YES;
				GCC_WARN_ABOUT_RETURN_TYPE = YES_ERROR;
				GCC_WARN_UNDECLARED_SELECTOR = YES;
				GCC_WARN_UNINITIALIZED_AUTOS = YES_AGGRESSIVE;
				GCC_WARN_UNUSED_FUNCTION = YES;
				GCC_WARN_UNUSED_VARIABLE = YES;
				IPHONEOS_DEPLOYMENT_TARGET = 9.1;
				MTL_ENABLE_DEBUG_INFO = YES;
				ONLY_ACTIVE_ARCH = YES;
				SDKROOT = iphoneos;
				SWIFT_OPTIMIZATION_LEVEL = "-Onone";
				TARGETED_DEVICE_FAMILY = "1,2";
			};
			name = Debug;
		};
		40AB3DEF1C070CEB00F555AD /* Release */ = {
			isa = XCBuildConfiguration;
			buildSettings = {
				ALWAYS_SEARCH_USER_PATHS = NO;
				CLANG_CXX_LANGUAGE_STANDARD = "gnu++0x";
				CLANG_CXX_LIBRARY = "libc++";
				CLANG_ENABLE_MODULES = YES;
				CLANG_ENABLE_OBJC_ARC = YES;
				CLANG_WARN_BOOL_CONVERSION = YES;
				CLANG_WARN_CONSTANT_CONVERSION = YES;
				CLANG_WARN_DIRECT_OBJC_ISA_USAGE = YES_ERROR;
				CLANG_WARN_EMPTY_BODY = YES;
				CLANG_WARN_ENUM_CONVERSION = YES;
				CLANG_WARN_INT_CONVERSION = YES;
				CLANG_WARN_OBJC_ROOT_CLASS = YES_ERROR;
				CLANG_WARN_UNREACHABLE_CODE = YES;
				CLANG_WARN__DUPLICATE_METHOD_MATCH = YES;
				"CODE_SIGN_IDENTITY[sdk=iphoneos*]" = "iPhone Developer";
				COPY_PHASE_STRIP = NO;
				DEBUG_INFORMATION_FORMAT = "dwarf-with-dsym";
				ENABLE_NS_ASSERTIONS = NO;
				ENABLE_STRICT_OBJC_MSGSEND = YES;
				GCC_C_LANGUAGE_STANDARD = gnu99;
				GCC_NO_COMMON_BLOCKS = YES;
				GCC_WARN_64_TO_32_BIT_CONVERSION = YES;
				GCC_WARN_ABOUT_RETURN_TYPE = YES_ERROR;
				GCC_WARN_UNDECLARED_SELECTOR = YES;
				GCC_WARN_UNINITIALIZED_AUTOS = YES_AGGRESSIVE;
				GCC_WARN_UNUSED_FUNCTION = YES;
				GCC_WARN_UNUSED_VARIABLE = YES;
				IPHONEOS_DEPLOYMENT_TARGET = 9.1;
				MTL_ENABLE_DEBUG_INFO = NO;
				SDKROOT = iphoneos;
				TARGETED_DEVICE_FAMILY = "1,2";
				VALIDATE_PRODUCT = YES;
			};
			name = Release;
		};
		40AB3DF11C070CEB00F555AD /* Debug */ = {
			isa = XCBuildConfiguration;
			buildSettings = {
				ASSETCATALOG_COMPILER_APPICON_NAME = AppIcon;
				INFOPLIST_FILE = "Stack Views/Info.plist";
				LD_RUNPATH_SEARCH_PATHS = "$(inherited) @executable_path/Frameworks";
				PRODUCT_BUNDLE_IDENTIFIER = "com.ShivamKapur.Stack-Views";
				PRODUCT_NAME = "$(TARGET_NAME)";
			};
			name = Debug;
		};
		40AB3DF21C070CEB00F555AD /* Release */ = {
			isa = XCBuildConfiguration;
			buildSettings = {
				ASSETCATALOG_COMPILER_APPICON_NAME = AppIcon;
				INFOPLIST_FILE = "Stack Views/Info.plist";
				LD_RUNPATH_SEARCH_PATHS = "$(inherited) @executable_path/Frameworks";
				PRODUCT_BUNDLE_IDENTIFIER = "com.ShivamKapur.Stack-Views";
				PRODUCT_NAME = "$(TARGET_NAME)";
			};
			name = Release;
		};
/* End XCBuildConfiguration section */

/* Begin XCConfigurationList section */
		40AB3DD91C070CEB00F555AD /* Build configuration list for PBXProject "Stack Views" */ = {
			isa = XCConfigurationList;
			buildConfigurations = (
				40AB3DEE1C070CEB00F555AD /* Debug */,
				40AB3DEF1C070CEB00F555AD /* Release */,
			);
			defaultConfigurationIsVisible = 0;
			defaultConfigurationName = Release;
		};
		40AB3DF01C070CEB00F555AD /* Build configuration list for PBXNativeTarget "Stack Views" */ = {
			isa = XCConfigurationList;
			buildConfigurations = (
				40AB3DF11C070CEB00F555AD /* Debug */,
				40AB3DF21C070CEB00F555AD /* Release */,
			);
			defaultConfigurationIsVisible = 0;
		};
/* End XCConfigurationList section */
	};
	rootObject = 40AB3DD61C070CEB00F555AD /* Project object */;
}
